// !$*UTF8*$!
{
	archiveVersion = 1;
	classes = {
	};
	objectVersion = 50;
	objects = {

/* Begin PBXBuildFile section */
		021B29E221411A99008A153D /* AllStationsTableViewController.swift in Sources */ = {isa = PBXBuildFile; fileRef = 021B29E121411A99008A153D /* AllStationsTableViewController.swift */; };
		1CC15FCE91BE20AA995E6249 /* Pods_busBoard.framework in Frameworks */ = {isa = PBXBuildFile; fileRef = 2C134889522F306F30F0E230 /* Pods_busBoard.framework */; };
		37DBC2EB9A6AA4487353C852 /* Pods_busBoardTests.framework in Frameworks */ = {isa = PBXBuildFile; fileRef = F42E21B15BD22AD8FA13DD41 /* Pods_busBoardTests.framework */; };
		8C066F7E2121BDDF0055CB7F /* AllDeparturesCollectionViewController.swift in Sources */ = {isa = PBXBuildFile; fileRef = 8C066F7D2121BDDE0055CB7F /* AllDeparturesCollectionViewController.swift */; };
		8C066F802121CF720055CB7F /* StationTableViewCell.swift in Sources */ = {isa = PBXBuildFile; fileRef = 8C066F7F2121CF720055CB7F /* StationTableViewCell.swift */; };
		8C066F822121D65B0055CB7F /* blobView.swift in Sources */ = {isa = PBXBuildFile; fileRef = 8C066F812121D65B0055CB7F /* blobView.swift */; };
		8C54872521188FC300E5593B /* arrivalDetailViewController.swift in Sources */ = {isa = PBXBuildFile; fileRef = 8C54872421188FC300E5593B /* arrivalDetailViewController.swift */; };
		8C62314221199AE400FD109A /* timeFunctions.swift in Sources */ = {isa = PBXBuildFile; fileRef = 8C62314121199AE300FD109A /* timeFunctions.swift */; };
		8CC2BAE1211836C200D7BA9D /* AppDelegate.swift in Sources */ = {isa = PBXBuildFile; fileRef = 8CC2BAE0211836C200D7BA9D /* AppDelegate.swift */; };
		8CC2BAE3211836C200D7BA9D /* MainCollectionViewController.swift in Sources */ = {isa = PBXBuildFile; fileRef = 8CC2BAE2211836C200D7BA9D /* MainCollectionViewController.swift */; };
		8CC2BAE6211836C200D7BA9D /* Main.storyboard in Resources */ = {isa = PBXBuildFile; fileRef = 8CC2BAE4211836C200D7BA9D /* Main.storyboard */; };
		8CC2BAE8211836C300D7BA9D /* Assets.xcassets in Resources */ = {isa = PBXBuildFile; fileRef = 8CC2BAE7211836C300D7BA9D /* Assets.xcassets */; };
		8CC2BAEB211836C300D7BA9D /* LaunchScreen.storyboard in Resources */ = {isa = PBXBuildFile; fileRef = 8CC2BAE9211836C300D7BA9D /* LaunchScreen.storyboard */; };
		8CC2BAF6211836C400D7BA9D /* busBoardTests.swift in Sources */ = {isa = PBXBuildFile; fileRef = 8CC2BAF5211836C400D7BA9D /* busBoardTests.swift */; };
		8CC2BB012118387700D7BA9D /* arrivalCollectionViewCell.swift in Sources */ = {isa = PBXBuildFile; fileRef = 8CC2BB002118387700D7BA9D /* arrivalCollectionViewCell.swift */; };
		8CC2BB0321183DB600D7BA9D /* Arrival.swift in Sources */ = {isa = PBXBuildFile; fileRef = 8CC2BB0221183DB600D7BA9D /* Arrival.swift */; };
		8CC2BB072118510C00D7BA9D /* API.swift in Sources */ = {isa = PBXBuildFile; fileRef = 8CC2BB062118510C00D7BA9D /* API.swift */; };
		8CCCA4812118670B007AE5CC /* cleanStationName.swift in Sources */ = {isa = PBXBuildFile; fileRef = 8CCCA4802118670B007AE5CC /* cleanStationName.swift */; };
		8CCCA48D21186748007AE5CC /* RootViewController.swift in Sources */ = {isa = PBXBuildFile; fileRef = 8CCCA48C21186748007AE5CC /* RootViewController.swift */; };
		8CCCA48F21186A22007AE5CC /* getLineColor.swift in Sources */ = {isa = PBXBuildFile; fileRef = 8CCCA48E21186A22007AE5CC /* getLineColor.swift */; };
/* End PBXBuildFile section */

/* Begin PBXContainerItemProxy section */
		8CC2BAF2211836C400D7BA9D /* PBXContainerItemProxy */ = {
			isa = PBXContainerItemProxy;
			containerPortal = 8CC2BAD5211836C200D7BA9D /* Project object */;
			proxyType = 1;
			remoteGlobalIDString = 8CC2BADC211836C200D7BA9D;
			remoteInfo = busBoard;
		};
/* End PBXContainerItemProxy section */

/* Begin PBXFileReference section */
		021B29E121411A99008A153D /* AllStationsTableViewController.swift */ = {isa = PBXFileReference; fileEncoding = 4; lastKnownFileType = sourcecode.swift; path = AllStationsTableViewController.swift; sourceTree = "<group>"; };
		0D826D8F39662F33657B2385 /* Pods-busBoardTests.debug.xcconfig */ = {isa = PBXFileReference; includeInIndex = 1; lastKnownFileType = text.xcconfig; name = "Pods-busBoardTests.debug.xcconfig"; path = "Pods/Target Support Files/Pods-busBoardTests/Pods-busBoardTests.debug.xcconfig"; sourceTree = "<group>"; };
		155F11CAF8911EAEDB1034C2 /* Pods-busBoard.debug.xcconfig */ = {isa = PBXFileReference; includeInIndex = 1; lastKnownFileType = text.xcconfig; name = "Pods-busBoard.debug.xcconfig"; path = "Pods/Target Support Files/Pods-busBoard/Pods-busBoard.debug.xcconfig"; sourceTree = "<group>"; };
		2C134889522F306F30F0E230 /* Pods_busBoard.framework */ = {isa = PBXFileReference; explicitFileType = wrapper.framework; includeInIndex = 0; path = Pods_busBoard.framework; sourceTree = BUILT_PRODUCTS_DIR; };
		4A1BF2BA3D33673CD8E94C13 /* Pods-busBoard.release.xcconfig */ = {isa = PBXFileReference; includeInIndex = 1; lastKnownFileType = text.xcconfig; name = "Pods-busBoard.release.xcconfig"; path = "Pods/Target Support Files/Pods-busBoard/Pods-busBoard.release.xcconfig"; sourceTree = "<group>"; };
		8C066F7D2121BDDE0055CB7F /* AllDeparturesCollectionViewController.swift */ = {isa = PBXFileReference; lastKnownFileType = sourcecode.swift; name = AllDeparturesCollectionViewController.swift; path = busBoard/AllDeparturesCollectionViewController.swift; sourceTree = SOURCE_ROOT; };
		8C066F7F2121CF720055CB7F /* StationTableViewCell.swift */ = {isa = PBXFileReference; lastKnownFileType = sourcecode.swift; name = StationTableViewCell.swift; path = busBoard/StationTableViewCell.swift; sourceTree = SOURCE_ROOT; };
		8C066F812121D65B0055CB7F /* blobView.swift */ = {isa = PBXFileReference; lastKnownFileType = sourcecode.swift; name = blobView.swift; path = busBoard/blobView.swift; sourceTree = SOURCE_ROOT; };
		8C54872421188FC300E5593B /* arrivalDetailViewController.swift */ = {isa = PBXFileReference; lastKnownFileType = sourcecode.swift; path = arrivalDetailViewController.swift; sourceTree = "<group>"; };
		8C62314121199AE300FD109A /* timeFunctions.swift */ = {isa = PBXFileReference; lastKnownFileType = sourcecode.swift; name = timeFunctions.swift; path = busBoard/timeFunctions.swift; sourceTree = SOURCE_ROOT; };
		8CC2BADD211836C200D7BA9D /* busBoard.app */ = {isa = PBXFileReference; explicitFileType = wrapper.application; includeInIndex = 0; path = busBoard.app; sourceTree = BUILT_PRODUCTS_DIR; };
		8CC2BAE0211836C200D7BA9D /* AppDelegate.swift */ = {isa = PBXFileReference; lastKnownFileType = sourcecode.swift; path = AppDelegate.swift; sourceTree = "<group>"; };
		8CC2BAE2211836C200D7BA9D /* MainCollectionViewController.swift */ = {isa = PBXFileReference; lastKnownFileType = sourcecode.swift; path = MainCollectionViewController.swift; sourceTree = "<group>"; };
		8CC2BAE5211836C200D7BA9D /* Base */ = {isa = PBXFileReference; lastKnownFileType = file.storyboard; name = Base; path = Base.lproj/Main.storyboard; sourceTree = "<group>"; };
		8CC2BAE7211836C300D7BA9D /* Assets.xcassets */ = {isa = PBXFileReference; lastKnownFileType = folder.assetcatalog; path = Assets.xcassets; sourceTree = "<group>"; };
		8CC2BAEA211836C300D7BA9D /* Base */ = {isa = PBXFileReference; lastKnownFileType = file.storyboard; name = Base; path = Base.lproj/LaunchScreen.storyboard; sourceTree = "<group>"; };
		8CC2BAEC211836C300D7BA9D /* Info.plist */ = {isa = PBXFileReference; lastKnownFileType = text.plist.xml; path = Info.plist; sourceTree = "<group>"; };
		8CC2BAF1211836C400D7BA9D /* busBoardTests.xctest */ = {isa = PBXFileReference; explicitFileType = wrapper.cfbundle; includeInIndex = 0; path = busBoardTests.xctest; sourceTree = BUILT_PRODUCTS_DIR; };
		8CC2BAF5211836C400D7BA9D /* busBoardTests.swift */ = {isa = PBXFileReference; lastKnownFileType = sourcecode.swift; path = busBoardTests.swift; sourceTree = "<group>"; };
		8CC2BAF7211836C400D7BA9D /* Info.plist */ = {isa = PBXFileReference; lastKnownFileType = text.plist.xml; path = Info.plist; sourceTree = "<group>"; };
		8CC2BB002118387700D7BA9D /* arrivalCollectionViewCell.swift */ = {isa = PBXFileReference; lastKnownFileType = sourcecode.swift; path = arrivalCollectionViewCell.swift; sourceTree = "<group>"; };
		8CC2BB0221183DB600D7BA9D /* Arrival.swift */ = {isa = PBXFileReference; lastKnownFileType = sourcecode.swift; path = Arrival.swift; sourceTree = "<group>"; };
		8CC2BB062118510C00D7BA9D /* API.swift */ = {isa = PBXFileReference; lastKnownFileType = sourcecode.swift; path = API.swift; sourceTree = "<group>"; };
		8CCCA4802118670B007AE5CC /* cleanStationName.swift */ = {isa = PBXFileReference; lastKnownFileType = sourcecode.swift; name = cleanStationName.swift; path = busBoard/cleanStationName.swift; sourceTree = SOURCE_ROOT; };
		8CCCA48C21186748007AE5CC /* RootViewController.swift */ = {isa = PBXFileReference; lastKnownFileType = sourcecode.swift; name = RootViewController.swift; path = busBoard/RootViewController.swift; sourceTree = SOURCE_ROOT; };
		8CCCA48E21186A22007AE5CC /* getLineColor.swift */ = {isa = PBXFileReference; lastKnownFileType = sourcecode.swift; name = getLineColor.swift; path = busBoard/getLineColor.swift; sourceTree = SOURCE_ROOT; };
		F42E21B15BD22AD8FA13DD41 /* Pods_busBoardTests.framework */ = {isa = PBXFileReference; explicitFileType = wrapper.framework; includeInIndex = 0; path = Pods_busBoardTests.framework; sourceTree = BUILT_PRODUCTS_DIR; };
		F54EBB48584FE7598B349500 /* Pods-busBoardTests.release.xcconfig */ = {isa = PBXFileReference; includeInIndex = 1; lastKnownFileType = text.xcconfig; name = "Pods-busBoardTests.release.xcconfig"; path = "Pods/Target Support Files/Pods-busBoardTests/Pods-busBoardTests.release.xcconfig"; sourceTree = "<group>"; };
/* End PBXFileReference section */

/* Begin PBXFrameworksBuildPhase section */
		8CC2BADA211836C200D7BA9D /* Frameworks */ = {
			isa = PBXFrameworksBuildPhase;
			buildActionMask = 2147483647;
			files = (
				1CC15FCE91BE20AA995E6249 /* Pods_busBoard.framework in Frameworks */,
			);
			runOnlyForDeploymentPostprocessing = 0;
		};
		8CC2BAEE211836C400D7BA9D /* Frameworks */ = {
			isa = PBXFrameworksBuildPhase;
			buildActionMask = 2147483647;
			files = (
				37DBC2EB9A6AA4487353C852 /* Pods_busBoardTests.framework in Frameworks */,
			);
			runOnlyForDeploymentPostprocessing = 0;
		};
/* End PBXFrameworksBuildPhase section */

/* Begin PBXGroup section */
		6E258DE178965E32871E6BCB /* Frameworks */ = {
			isa = PBXGroup;
			children = (
				2C134889522F306F30F0E230 /* Pods_busBoard.framework */,
				F42E21B15BD22AD8FA13DD41 /* Pods_busBoardTests.framework */,
			);
			name = Frameworks;
			sourceTree = "<group>";
		};
		8CC2BAD4211836C200D7BA9D = {
			isa = PBXGroup;
			children = (
				8CC2BADF211836C200D7BA9D /* busBoard */,
				8CC2BAF4211836C400D7BA9D /* busBoardTests */,
				8CC2BADE211836C200D7BA9D /* Products */,
				EB718E32BB7593244C6A875E /* Pods */,
				6E258DE178965E32871E6BCB /* Frameworks */,
			);
			sourceTree = "<group>";
		};
		8CC2BADE211836C200D7BA9D /* Products */ = {
			isa = PBXGroup;
			children = (
				8CC2BADD211836C200D7BA9D /* busBoard.app */,
				8CC2BAF1211836C400D7BA9D /* busBoardTests.xctest */,
			);
			name = Products;
			sourceTree = "<group>";
		};
		8CC2BADF211836C200D7BA9D /* busBoard */ = {
			isa = PBXGroup;
			children = (
				8CCCA48C21186748007AE5CC /* RootViewController.swift */,
				8CC2BAE0211836C200D7BA9D /* AppDelegate.swift */,
				8CC2BAE2211836C200D7BA9D /* MainCollectionViewController.swift */,
				8CC2BB002118387700D7BA9D /* arrivalCollectionViewCell.swift */,
				8C54872421188FC300E5593B /* arrivalDetailViewController.swift */,
				8C066F7D2121BDDE0055CB7F /* AllDeparturesCollectionViewController.swift */,
				021B29E121411A99008A153D /* AllStationsTableViewController.swift */,
				8C066F7F2121CF720055CB7F /* StationTableViewCell.swift */,
				8C066F812121D65B0055CB7F /* blobView.swift */,
				8CC2BAE4211836C200D7BA9D /* Main.storyboard */,
				8CC2BB062118510C00D7BA9D /* API.swift */,
				8CC2BB0221183DB600D7BA9D /* Arrival.swift */,
				8CCCA4802118670B007AE5CC /* cleanStationName.swift */,
				8C62314121199AE300FD109A /* timeFunctions.swift */,
				8CCCA48E21186A22007AE5CC /* getLineColor.swift */,
				8CC2BAE7211836C300D7BA9D /* Assets.xcassets */,
				8CC2BAE9211836C300D7BA9D /* LaunchScreen.storyboard */,
				8CC2BAEC211836C300D7BA9D /* Info.plist */,
			);
			path = busBoard;
			sourceTree = "<group>";
		};
		8CC2BAF4211836C400D7BA9D /* busBoardTests */ = {
			isa = PBXGroup;
			children = (
				8CC2BAF5211836C400D7BA9D /* busBoardTests.swift */,
				8CC2BAF7211836C400D7BA9D /* Info.plist */,
			);
			path = busBoardTests;
			sourceTree = "<group>";
		};
		EB718E32BB7593244C6A875E /* Pods */ = {
			isa = PBXGroup;
			children = (
				155F11CAF8911EAEDB1034C2 /* Pods-busBoard.debug.xcconfig */,
				4A1BF2BA3D33673CD8E94C13 /* Pods-busBoard.release.xcconfig */,
				0D826D8F39662F33657B2385 /* Pods-busBoardTests.debug.xcconfig */,
				F54EBB48584FE7598B349500 /* Pods-busBoardTests.release.xcconfig */,
			);
			name = Pods;
			sourceTree = "<group>";
		};
/* End PBXGroup section */

/* Begin PBXNativeTarget section */
		8CC2BADC211836C200D7BA9D /* busBoard */ = {
			isa = PBXNativeTarget;
			buildConfigurationList = 8CC2BAFA211836C400D7BA9D /* Build configuration list for PBXNativeTarget "busBoard" */;
			buildPhases = (
				553FE0FC2696DB13EFC7B206 /* [CP] Check Pods Manifest.lock */,
				8CC2BAD9211836C200D7BA9D /* Sources */,
				8CC2BADA211836C200D7BA9D /* Frameworks */,
				8CC2BADB211836C200D7BA9D /* Resources */,
				26151C2BC6F1F3C30F26C441 /* [CP] Embed Pods Frameworks */,
			);
			buildRules = (
			);
			dependencies = (
			);
			name = busBoard;
			productName = busBoard;
			productReference = 8CC2BADD211836C200D7BA9D /* busBoard.app */;
			productType = "com.apple.product-type.application";
		};
		8CC2BAF0211836C400D7BA9D /* busBoardTests */ = {
			isa = PBXNativeTarget;
			buildConfigurationList = 8CC2BAFD211836C400D7BA9D /* Build configuration list for PBXNativeTarget "busBoardTests" */;
			buildPhases = (
				7F4210C5B4CC6C00A56FE0FA /* [CP] Check Pods Manifest.lock */,
				8CC2BAED211836C400D7BA9D /* Sources */,
				8CC2BAEE211836C400D7BA9D /* Frameworks */,
				8CC2BAEF211836C400D7BA9D /* Resources */,
			);
			buildRules = (
			);
			dependencies = (
				8CC2BAF3211836C400D7BA9D /* PBXTargetDependency */,
			);
			name = busBoardTests;
			productName = busBoardTests;
			productReference = 8CC2BAF1211836C400D7BA9D /* busBoardTests.xctest */;
			productType = "com.apple.product-type.bundle.unit-test";
		};
/* End PBXNativeTarget section */

/* Begin PBXProject section */
		8CC2BAD5211836C200D7BA9D /* Project object */ = {
			isa = PBXProject;
			attributes = {
				LastSwiftUpdateCheck = 0940;
				LastUpgradeCheck = 0940;
				ORGANIZATIONNAME = "Blydro Klonk";
				TargetAttributes = {
					8CC2BADC211836C200D7BA9D = {
						CreatedOnToolsVersion = 9.4.1;
						LastSwiftMigration = 1020;
					};
					8CC2BAF0211836C400D7BA9D = {
						CreatedOnToolsVersion = 9.4.1;
						LastSwiftMigration = 1020;
						TestTargetID = 8CC2BADC211836C200D7BA9D;
					};
				};
			};
			buildConfigurationList = 8CC2BAD8211836C200D7BA9D /* Build configuration list for PBXProject "busBoard" */;
			compatibilityVersion = "Xcode 9.3";
			developmentRegion = en;
			hasScannedForEncodings = 0;
			knownRegions = (
				en,
				Base,
			);
			mainGroup = 8CC2BAD4211836C200D7BA9D;
			productRefGroup = 8CC2BADE211836C200D7BA9D /* Products */;
			projectDirPath = "";
			projectRoot = "";
			targets = (
				8CC2BADC211836C200D7BA9D /* busBoard */,
				8CC2BAF0211836C400D7BA9D /* busBoardTests */,
			);
		};
/* End PBXProject section */

/* Begin PBXResourcesBuildPhase section */
		8CC2BADB211836C200D7BA9D /* Resources */ = {
			isa = PBXResourcesBuildPhase;
			buildActionMask = 2147483647;
			files = (
				8CC2BAEB211836C300D7BA9D /* LaunchScreen.storyboard in Resources */,
				8CC2BAE8211836C300D7BA9D /* Assets.xcassets in Resources */,
				8CC2BAE6211836C200D7BA9D /* Main.storyboard in Resources */,
			);
			runOnlyForDeploymentPostprocessing = 0;
		};
		8CC2BAEF211836C400D7BA9D /* Resources */ = {
			isa = PBXResourcesBuildPhase;
			buildActionMask = 2147483647;
			files = (
			);
			runOnlyForDeploymentPostprocessing = 0;
		};
/* End PBXResourcesBuildPhase section */

/* Begin PBXShellScriptBuildPhase section */
		26151C2BC6F1F3C30F26C441 /* [CP] Embed Pods Frameworks */ = {
			isa = PBXShellScriptBuildPhase;
			buildActionMask = 2147483647;
			files = (
			);
			inputPaths = (
				"${PODS_ROOT}/Target Support Files/Pods-busBoard/Pods-busBoard-frameworks.sh",
				"${BUILT_PRODUCTS_DIR}/Alamofire/Alamofire.framework",
				"${BUILT_PRODUCTS_DIR}/LifetimeTracker/LifetimeTracker.framework",
				"${BUILT_PRODUCTS_DIR}/PeekPop/PeekPop.framework",
				"${BUILT_PRODUCTS_DIR}/VectorMath/VectorMath.framework",
			);
			name = "[CP] Embed Pods Frameworks";
			outputPaths = (
				"${TARGET_BUILD_DIR}/${FRAMEWORKS_FOLDER_PATH}/Alamofire.framework",
				"${TARGET_BUILD_DIR}/${FRAMEWORKS_FOLDER_PATH}/LifetimeTracker.framework",
				"${TARGET_BUILD_DIR}/${FRAMEWORKS_FOLDER_PATH}/PeekPop.framework",
				"${TARGET_BUILD_DIR}/${FRAMEWORKS_FOLDER_PATH}/VectorMath.framework",
			);
			runOnlyForDeploymentPostprocessing = 0;
			shellPath = /bin/sh;
			shellScript = "\"${PODS_ROOT}/Target Support Files/Pods-busBoard/Pods-busBoard-frameworks.sh\"\n";
			showEnvVarsInLog = 0;
		};
		553FE0FC2696DB13EFC7B206 /* [CP] Check Pods Manifest.lock */ = {
			isa = PBXShellScriptBuildPhase;
			buildActionMask = 2147483647;
			files = (
			);
			inputPaths = (
				"${PODS_PODFILE_DIR_PATH}/Podfile.lock",
				"${PODS_ROOT}/Manifest.lock",
			);
			name = "[CP] Check Pods Manifest.lock";
			outputPaths = (
				"$(DERIVED_FILE_DIR)/Pods-busBoard-checkManifestLockResult.txt",
			);
			runOnlyForDeploymentPostprocessing = 0;
			shellPath = /bin/sh;
			shellScript = "diff \"${PODS_PODFILE_DIR_PATH}/Podfile.lock\" \"${PODS_ROOT}/Manifest.lock\" > /dev/null\nif [ $? != 0 ] ; then\n    # print error to STDERR\n    echo \"error: The sandbox is not in sync with the Podfile.lock. Run 'pod install' or update your CocoaPods installation.\" >&2\n    exit 1\nfi\n# This output is used by Xcode 'outputs' to avoid re-running this script phase.\necho \"SUCCESS\" > \"${SCRIPT_OUTPUT_FILE_0}\"\n";
			showEnvVarsInLog = 0;
		};
		7F4210C5B4CC6C00A56FE0FA /* [CP] Check Pods Manifest.lock */ = {
			isa = PBXShellScriptBuildPhase;
			buildActionMask = 2147483647;
			files = (
			);
			inputPaths = (
				"${PODS_PODFILE_DIR_PATH}/Podfile.lock",
				"${PODS_ROOT}/Manifest.lock",
			);
			name = "[CP] Check Pods Manifest.lock";
			outputPaths = (
				"$(DERIVED_FILE_DIR)/Pods-busBoardTests-checkManifestLockResult.txt",
			);
			runOnlyForDeploymentPostprocessing = 0;
			shellPath = /bin/sh;
			shellScript = "diff \"${PODS_PODFILE_DIR_PATH}/Podfile.lock\" \"${PODS_ROOT}/Manifest.lock\" > /dev/null\nif [ $? != 0 ] ; then\n    # print error to STDERR\n    echo \"error: The sandbox is not in sync with the Podfile.lock. Run 'pod install' or update your CocoaPods installation.\" >&2\n    exit 1\nfi\n# This output is used by Xcode 'outputs' to avoid re-running this script phase.\necho \"SUCCESS\" > \"${SCRIPT_OUTPUT_FILE_0}\"\n";
			showEnvVarsInLog = 0;
		};
/* End PBXShellScriptBuildPhase section */

/* Begin PBXSourcesBuildPhase section */
		8CC2BAD9211836C200D7BA9D /* Sources */ = {
			isa = PBXSourcesBuildPhase;
			buildActionMask = 2147483647;
			files = (
				021B29E221411A99008A153D /* AllStationsTableViewController.swift in Sources */,
				8C066F7E2121BDDF0055CB7F /* AllDeparturesCollectionViewController.swift in Sources */,
				8C62314221199AE400FD109A /* timeFunctions.swift in Sources */,
				8C066F802121CF720055CB7F /* StationTableViewCell.swift in Sources */,
				8CC2BB012118387700D7BA9D /* arrivalCollectionViewCell.swift in Sources */,
				8CC2BB0321183DB600D7BA9D /* Arrival.swift in Sources */,
				8CCCA4812118670B007AE5CC /* cleanStationName.swift in Sources */,
				8CCCA48D21186748007AE5CC /* RootViewController.swift in Sources */,
				8C066F822121D65B0055CB7F /* blobView.swift in Sources */,
				8CCCA48F21186A22007AE5CC /* getLineColor.swift in Sources */,
				8CC2BAE3211836C200D7BA9D /* MainCollectionViewController.swift in Sources */,
				8CC2BB072118510C00D7BA9D /* API.swift in Sources */,
				8C54872521188FC300E5593B /* arrivalDetailViewController.swift in Sources */,
				8CC2BAE1211836C200D7BA9D /* AppDelegate.swift in Sources */,
			);
			runOnlyForDeploymentPostprocessing = 0;
		};
		8CC2BAED211836C400D7BA9D /* Sources */ = {
			isa = PBXSourcesBuildPhase;
			buildActionMask = 2147483647;
			files = (
				8CC2BAF6211836C400D7BA9D /* busBoardTests.swift in Sources */,
			);
			runOnlyForDeploymentPostprocessing = 0;
		};
/* End PBXSourcesBuildPhase section */

/* Begin PBXTargetDependency section */
		8CC2BAF3211836C400D7BA9D /* PBXTargetDependency */ = {
			isa = PBXTargetDependency;
			target = 8CC2BADC211836C200D7BA9D /* busBoard */;
			targetProxy = 8CC2BAF2211836C400D7BA9D /* PBXContainerItemProxy */;
		};
/* End PBXTargetDependency section */

/* Begin PBXVariantGroup section */
		8CC2BAE4211836C200D7BA9D /* Main.storyboard */ = {
			isa = PBXVariantGroup;
			children = (
				8CC2BAE5211836C200D7BA9D /* Base */,
			);
			name = Main.storyboard;
			sourceTree = "<group>";
		};
		8CC2BAE9211836C300D7BA9D /* LaunchScreen.storyboard */ = {
			isa = PBXVariantGroup;
			children = (
				8CC2BAEA211836C300D7BA9D /* Base */,
			);
			name = LaunchScreen.storyboard;
			sourceTree = "<group>";
		};
/* End PBXVariantGroup section */

/* Begin XCBuildConfiguration section */
		8CC2BAF8211836C400D7BA9D /* Debug */ = {
			isa = XCBuildConfiguration;
			buildSettings = {
				ALWAYS_SEARCH_USER_PATHS = NO;
				CLANG_ANALYZER_NONNULL = YES;
				CLANG_ANALYZER_NUMBER_OBJECT_CONVERSION = YES_AGGRESSIVE;
				CLANG_CXX_LANGUAGE_STANDARD = "gnu++14";
				CLANG_CXX_LIBRARY = "libc++";
				CLANG_ENABLE_MODULES = YES;
				CLANG_ENABLE_OBJC_ARC = YES;
				CLANG_ENABLE_OBJC_WEAK = YES;
				CLANG_WARN_BLOCK_CAPTURE_AUTORELEASING = YES;
				CLANG_WARN_BOOL_CONVERSION = YES;
				CLANG_WARN_COMMA = YES;
				CLANG_WARN_CONSTANT_CONVERSION = YES;
				CLANG_WARN_DEPRECATED_OBJC_IMPLEMENTATIONS = YES;
				CLANG_WARN_DIRECT_OBJC_ISA_USAGE = YES_ERROR;
				CLANG_WARN_DOCUMENTATION_COMMENTS = YES;
				CLANG_WARN_EMPTY_BODY = YES;
				CLANG_WARN_ENUM_CONVERSION = YES;
				CLANG_WARN_INFINITE_RECURSION = YES;
				CLANG_WARN_INT_CONVERSION = YES;
				CLANG_WARN_NON_LITERAL_NULL_CONVERSION = YES;
				CLANG_WARN_OBJC_IMPLICIT_RETAIN_SELF = YES;
				CLANG_WARN_OBJC_LITERAL_CONVERSION = YES;
				CLANG_WARN_OBJC_ROOT_CLASS = YES_ERROR;
				CLANG_WARN_RANGE_LOOP_ANALYSIS = YES;
				CLANG_WARN_STRICT_PROTOTYPES = YES;
				CLANG_WARN_SUSPICIOUS_MOVE = YES;
				CLANG_WARN_UNGUARDED_AVAILABILITY = YES_AGGRESSIVE;
				CLANG_WARN_UNREACHABLE_CODE = YES;
				CLANG_WARN__DUPLICATE_METHOD_MATCH = YES;
				CODE_SIGN_IDENTITY = "iPhone Developer";
				COPY_PHASE_STRIP = NO;
				DEBUG_INFORMATION_FORMAT = dwarf;
				ENABLE_STRICT_OBJC_MSGSEND = YES;
				ENABLE_TESTABILITY = YES;
				GCC_C_LANGUAGE_STANDARD = gnu11;
				GCC_DYNAMIC_NO_PIC = NO;
				GCC_NO_COMMON_BLOCKS = YES;
				GCC_OPTIMIZATION_LEVEL = 0;
				GCC_PREPROCESSOR_DEFINITIONS = (
					"DEBUG=1",
					"$(inherited)",
				);
				GCC_WARN_64_TO_32_BIT_CONVERSION = YES;
				GCC_WARN_ABOUT_RETURN_TYPE = YES_ERROR;
				GCC_WARN_UNDECLARED_SELECTOR = YES;
				GCC_WARN_UNINITIALIZED_AUTOS = YES_AGGRESSIVE;
				GCC_WARN_UNUSED_FUNCTION = YES;
				GCC_WARN_UNUSED_VARIABLE = YES;
				IPHONEOS_DEPLOYMENT_TARGET = 11.4;
				MTL_ENABLE_DEBUG_INFO = YES;
				ONLY_ACTIVE_ARCH = YES;
				SDKROOT = iphoneos;
				SWIFT_ACTIVE_COMPILATION_CONDITIONS = DEBUG;
				SWIFT_OPTIMIZATION_LEVEL = "-Onone";
			};
			name = Debug;
		};
		8CC2BAF9211836C400D7BA9D /* Release */ = {
			isa = XCBuildConfiguration;
			buildSettings = {
				ALWAYS_SEARCH_USER_PATHS = NO;
				CLANG_ANALYZER_NONNULL = YES;
				CLANG_ANALYZER_NUMBER_OBJECT_CONVERSION = YES_AGGRESSIVE;
				CLANG_CXX_LANGUAGE_STANDARD = "gnu++14";
				CLANG_CXX_LIBRARY = "libc++";
				CLANG_ENABLE_MODULES = YES;
				CLANG_ENABLE_OBJC_ARC = YES;
				CLANG_ENABLE_OBJC_WEAK = YES;
				CLANG_WARN_BLOCK_CAPTURE_AUTORELEASING = YES;
				CLANG_WARN_BOOL_CONVERSION = YES;
				CLANG_WARN_COMMA = YES;
				CLANG_WARN_CONSTANT_CONVERSION = YES;
				CLANG_WARN_DEPRECATED_OBJC_IMPLEMENTATIONS = YES;
				CLANG_WARN_DIRECT_OBJC_ISA_USAGE = YES_ERROR;
				CLANG_WARN_DOCUMENTATION_COMMENTS = YES;
				CLANG_WARN_EMPTY_BODY = YES;
				CLANG_WARN_ENUM_CONVERSION = YES;
				CLANG_WARN_INFINITE_RECURSION = YES;
				CLANG_WARN_INT_CONVERSION = YES;
				CLANG_WARN_NON_LITERAL_NULL_CONVERSION = YES;
				CLANG_WARN_OBJC_IMPLICIT_RETAIN_SELF = YES;
				CLANG_WARN_OBJC_LITERAL_CONVERSION = YES;
				CLANG_WARN_OBJC_ROOT_CLASS = YES_ERROR;
				CLANG_WARN_RANGE_LOOP_ANALYSIS = YES;
				CLANG_WARN_STRICT_PROTOTYPES = YES;
				CLANG_WARN_SUSPICIOUS_MOVE = YES;
				CLANG_WARN_UNGUARDED_AVAILABILITY = YES_AGGRESSIVE;
				CLANG_WARN_UNREACHABLE_CODE = YES;
				CLANG_WARN__DUPLICATE_METHOD_MATCH = YES;
				CODE_SIGN_IDENTITY = "iPhone Developer";
				COPY_PHASE_STRIP = NO;
				DEBUG_INFORMATION_FORMAT = "dwarf-with-dsym";
				ENABLE_NS_ASSERTIONS = NO;
				ENABLE_STRICT_OBJC_MSGSEND = YES;
				GCC_C_LANGUAGE_STANDARD = gnu11;
				GCC_NO_COMMON_BLOCKS = YES;
				GCC_WARN_64_TO_32_BIT_CONVERSION = YES;
				GCC_WARN_ABOUT_RETURN_TYPE = YES_ERROR;
				GCC_WARN_UNDECLARED_SELECTOR = YES;
				GCC_WARN_UNINITIALIZED_AUTOS = YES_AGGRESSIVE;
				GCC_WARN_UNUSED_FUNCTION = YES;
				GCC_WARN_UNUSED_VARIABLE = YES;
				IPHONEOS_DEPLOYMENT_TARGET = 11.4;
				MTL_ENABLE_DEBUG_INFO = NO;
				SDKROOT = iphoneos;
				SWIFT_COMPILATION_MODE = wholemodule;
				SWIFT_OPTIMIZATION_LEVEL = "-O";
				VALIDATE_PRODUCT = YES;
			};
			name = Release;
		};
		8CC2BAFB211836C400D7BA9D /* Debug */ = {
			isa = XCBuildConfiguration;
			baseConfigurationReference = 155F11CAF8911EAEDB1034C2 /* Pods-busBoard.debug.xcconfig */;
			buildSettings = {
				ASSETCATALOG_COMPILER_APPICON_NAME = AppIcon;
				CODE_SIGN_STYLE = Automatic;
				DEVELOPMENT_TEAM = ZH497CA8QC;
				INFOPLIST_FILE = busBoard/Info.plist;
				IPHONEOS_DEPLOYMENT_TARGET = 11.0;
				LD_RUNPATH_SEARCH_PATHS = (
					"$(inherited)",
					"@executable_path/Frameworks",
				);
				PRODUCT_BUNDLE_IDENTIFIER = blydro.busBoard;
				PRODUCT_NAME = "$(TARGET_NAME)";
				SWIFT_VERSION = 5.0;
				TARGETED_DEVICE_FAMILY = "1,2";
			};
			name = Debug;
		};
		8CC2BAFC211836C400D7BA9D /* Release */ = {
			isa = XCBuildConfiguration;
			baseConfigurationReference = 4A1BF2BA3D33673CD8E94C13 /* Pods-busBoard.release.xcconfig */;
			buildSettings = {
				ASSETCATALOG_COMPILER_APPICON_NAME = AppIcon;
				CODE_SIGN_STYLE = Automatic;
				DEVELOPMENT_TEAM = ZH497CA8QC;
				INFOPLIST_FILE = busBoard/Info.plist;
				IPHONEOS_DEPLOYMENT_TARGET = 11.0;
				LD_RUNPATH_SEARCH_PATHS = (
					"$(inherited)",
					"@executable_path/Frameworks",
				);
				PRODUCT_BUNDLE_IDENTIFIER = blydro.busBoard;
				PRODUCT_NAME = "$(TARGET_NAME)";
				SWIFT_VERSION = 5.0;
				TARGETED_DEVICE_FAMILY = "1,2";
			};
			name = Release;
		};
		8CC2BAFE211836C400D7BA9D /* Debug */ = {
			isa = XCBuildConfiguration;
			baseConfigurationReference = 0D826D8F39662F33657B2385 /* Pods-busBoardTests.debug.xcconfig */;
			buildSettings = {
				ALWAYS_EMBED_SWIFT_STANDARD_LIBRARIES = YES;
				BUNDLE_LOADER = "$(TEST_HOST)";
				CODE_SIGN_STYLE = Automatic;
				DEVELOPMENT_TEAM = ZH497CA8QC;
				INFOPLIST_FILE = busBoardTests/Info.plist;
				LD_RUNPATH_SEARCH_PATHS = (
					"$(inherited)",
					"@executable_path/Frameworks",
					"@loader_path/Frameworks",
				);
				PRODUCT_BUNDLE_IDENTIFIER = blydro.busBoardTests;
				PRODUCT_NAME = "$(TARGET_NAME)";
				SWIFT_VERSION = 5.0;
				TARGETED_DEVICE_FAMILY = "1,2";
				TEST_HOST = "$(BUILT_PRODUCTS_DIR)/busBoard.app/busBoard";
			};
			name = Debug;
		};
		8CC2BAFF211836C400D7BA9D /* Release */ = {
			isa = XCBuildConfiguration;
			baseConfigurationReference = F54EBB48584FE7598B349500 /* Pods-busBoardTests.release.xcconfig */;
			buildSettings = {
				ALWAYS_EMBED_SWIFT_STANDARD_LIBRARIES = YES;
				BUNDLE_LOADER = "$(TEST_HOST)";
				CODE_SIGN_STYLE = Automatic;
				DEVELOPMENT_TEAM = ZH497CA8QC;
				INFOPLIST_FILE = busBoardTests/Info.plist;
				LD_RUNPATH_SEARCH_PATHS = (
					"$(inherited)",
					"@executable_path/Frameworks",
					"@loader_path/Frameworks",
				);
				PRODUCT_BUNDLE_IDENTIFIER = blydro.busBoardTests;
				PRODUCT_NAME = "$(TARGET_NAME)";
				SWIFT_VERSION = 5.0;
				TARGETED_DEVICE_FAMILY = "1,2";
				TEST_HOST = "$(BUILT_PRODUCTS_DIR)/busBoard.app/busBoard";
			};
			name = Release;
		};
/* End XCBuildConfiguration section */

/* Begin XCConfigurationList section */
		8CC2BAD8211836C200D7BA9D /* Build configuration list for PBXProject "busBoard" */ = {
			isa = XCConfigurationList;
			buildConfigurations = (
				8CC2BAF8211836C400D7BA9D /* Debug */,
				8CC2BAF9211836C400D7BA9D /* Release */,
			);
			defaultConfigurationIsVisible = 0;
			defaultConfigurationName = Release;
		};
		8CC2BAFA211836C400D7BA9D /* Build configuration list for PBXNativeTarget "busBoard" */ = {
			isa = XCConfigurationList;
			buildConfigurations = (
				8CC2BAFB211836C400D7BA9D /* Debug */,
				8CC2BAFC211836C400D7BA9D /* Release */,
			);
			defaultConfigurationIsVisible = 0;
			defaultConfigurationName = Release;
		};
		8CC2BAFD211836C400D7BA9D /* Build configuration list for PBXNativeTarget "busBoardTests" */ = {
			isa = XCConfigurationList;
			buildConfigurations = (
				8CC2BAFE211836C400D7BA9D /* Debug */,
				8CC2BAFF211836C400D7BA9D /* Release */,
			);
			defaultConfigurationIsVisible = 0;
			defaultConfigurationName = Release;
		};
/* End XCConfigurationList section */
	};
	rootObject = 8CC2BAD5211836C200D7BA9D /* Project object */;
}
